
Microsoft Visual Studio Solution File, Format Version 12.00
# Visual Studio Version 17
VisualStudioVersion = 17.3.32825.248
MinimumVisualStudioVersion = 10.0.40219.1
Project("{FAE04EC0-301F-11D3-BF4B-00C04F79EFBC}") = "Sapin", "Sapin\Sapin.csproj", "{3D0FBB3A-0D4C-47EC-955B-C33AD9B1084D}"
EndProject
Global
	GlobalSection(SolutionConfigurationPlatforms) = preSolution
		Debug|Any CPU = Debug|Any CPU
		Release|Any CPU = Release|Any CPU
	EndGlobalSection
	GlobalSection(ProjectConfigurationPlatforms) = postSolution
		{3D0FBB3A-0D4C-47EC-955B-C33AD9B1084D}.Debug|Any CPU.ActiveCfg = Debug|Any CPU
		{3D0FBB3A-0D4C-47EC-955B-C33AD9B1084D}.Debug|Any CPU.Build.0 = Debug|Any CPU
		{3D0FBB3A-0D4C-47EC-955B-C33AD9B1084D}.Release|Any CPU.ActiveCfg = Release|Any CPU
		{3D0FBB3A-0D4C-47EC-955B-C33AD9B1084D}.Release|Any CPU.Build.0 = Release|Any CPU
	EndGlobalSection
	GlobalSection(SolutionProperties) = preSolution
		HideSolutionNode = FALSE
	EndGlobalSection
	GlobalSection(ExtensibilityGlobals) = postSolution
		SolutionGuid = {08D882A0-A61F-44C0-832B-E8966222FE45}
	EndGlobalSection
EndGlobal
